
Microsoft Visual Studio Solution File, Format Version 12.00
# Visual Studio Version 16
VisualStudioVersion = 16.0.30413.136
MinimumVisualStudioVersion = 10.0.40219.1
Project("{9A19103F-16F7-4668-BE54-9A1E7A4F7556}") = "C1_WriteLine", "C1_WriteLine\C1_WriteLine.csproj", "{3A9E32DF-ECF6-4870-8F9C-7E0CCCA6A686}"
EndProject
Project("{9A19103F-16F7-4668-BE54-9A1E7A4F7556}") = "C2_ReadLine", "C2_ReadLine\C2_ReadLine.csproj", "{004A7CCF-16E2-4382-9173-08C49A522CF5}"
EndProject
Project("{9A19103F-16F7-4668-BE54-9A1E7A4F7556}") = "C3_WithAClass", "C3_WithAClass\C3_WithAClass.csproj", "{8E6958CF-86E3-45DE-A09F-86C71A9E7E64}"
EndProject
Project("{9A19103F-16F7-4668-BE54-9A1E7A4F7556}") = "C4_WithMethods", "C4_WithMethods\C4_WithMethods.csproj", "{E65EBE73-D7B6-4D91-8816-CBA193313268}"
EndProject
Project("{9A19103F-16F7-4668-BE54-9A1E7A4F7556}") = "C5_WithAgeCalculation", "C5_WithAgeCalculation\C5_WithAgeCalculation.csproj", "{54725484-6FFB-44BF-8382-3132F3E3B67D}"
EndProject
Project("{9A19103F-16F7-4668-BE54-9A1E7A4F7556}") = "C6_GettersAndSetters", "C6_GettersAndSetters\C6_GettersAndSetters.csproj", "{098FE401-2BF7-4FDB-B7F1-3630EFB8F34F}"
EndProject
Project("{9A19103F-16F7-4668-BE54-9A1E7A4F7556}") = "C7_GettersAndSettersV2", "C7_GettersAndSettersV2\C7_GettersAndSettersV2.csproj", "{91E927E2-43C5-4778-A432-C2C2E0D2F303}"
EndProject
Project("{9A19103F-16F7-4668-BE54-9A1E7A4F7556}") = "C8_Arrays", "Arrays\C8_Arrays.csproj", "{ECEC6325-BA80-4007-AE17-DCAEFB0CFB38}"
EndProject
Project("{9A19103F-16F7-4668-BE54-9A1E7A4F7556}") = "C9_Lists", "C9_Lists\C9_Lists.csproj", "{887318A8-8826-4E12-97F7-E0C99E356D44}"
EndProject
Project("{9A19103F-16F7-4668-BE54-9A1E7A4F7556}") = "C10_LearningThis", "C10_LearningThis\C10_LearningThis.csproj", "{A20CA35B-8E9B-415B-9AE0-9054925FEF8A}"
EndProject
Project("{9A19103F-16F7-4668-BE54-9A1E7A4F7556}") = "C11_udemy", "C11_udemy\C11_udemy.csproj", "{33D00229-CA45-4F68-B602-D5C3F17761BD}"
EndProject
Project("{9A19103F-16F7-4668-BE54-9A1E7A4F7556}") = "C10_Struct", "C10_Struct\C10_Struct.csproj", "{037F789A-E812-475A-BFA8-87E8517AA26E}"
EndProject
Project("{9A19103F-16F7-4668-BE54-9A1E7A4F7556}") = "C11_Enum", "C11_Enum\C11_Enum.csproj", "{444EDB87-7EEE-4253-881D-C8BFA692C533}"
EndProject
Project("{9A19103F-16F7-4668-BE54-9A1E7A4F7556}") = "C12_Interfaces_1", "C12_Interfaces_1\C12_Interfaces_1.csproj", "{B5CBFCDC-7924-4DC8-B75A-EA6F95809735}"
EndProject
Project("{9A19103F-16F7-4668-BE54-9A1E7A4F7556}") = "C13_Interfaces_2", "C13_Interfaces_2\C13_Interfaces_2.csproj", "{48E09C22-A428-4410-A572-2B703E390F5D}"
EndProject
Project("{9A19103F-16F7-4668-BE54-9A1E7A4F7556}") = "C14_Abstract_1", "C14_Abstract\C14_Abstract_1.csproj", "{AE968F19-846E-4D6A-BC23-276B278C51CA}"
EndProject
Project("{9A19103F-16F7-4668-BE54-9A1E7A4F7556}") = "C15_Abstract_2", "C15_Abstract_2\C15_Abstract_2.csproj", "{F6DD0ECB-CDFD-4658-B154-04E8F2BD5577}"
EndProject
Project("{FAE04EC0-301F-11D3-BF4B-00C04F79EFBC}") = "UWP1_AsyncAwait", "UWP1_AsyncAwait\UWP1_AsyncAwait.csproj", "{B86D8BA0-7174-4C9F-9A30-33675B4B14AC}"
EndProject
Project("{9A19103F-16F7-4668-BE54-9A1E7A4F7556}") = "C11_Udemy_2", "C11_Udemy_2\C11_Udemy_2.csproj", "{8FAA399F-B402-456C-AB42-94DC5175770A}"
EndProject
Project("{9A19103F-16F7-4668-BE54-9A1E7A4F7556}") = "C11_Udemy_3", "C11_Udemy_3\C11_Udemy_3.csproj", "{9EE4BE73-E3C5-4203-A92F-82D2DD1C6309}"
EndProject
Project("{FAE04EC0-301F-11D3-BF4B-00C04F79EFBC}") = "C11_Udemy4_TypesAndValues", "C11_Udemy4_TypesAndValues\C11_Udemy4_TypesAndValues.csproj", "{2F6C703A-9214-4D52-BA7D-2C8AA5C145B7}"
EndProject
Project("{FAE04EC0-301F-11D3-BF4B-00C04F79EFBC}") = "C15_Udemy_5_IfElse_Switches", "C15_Udemy_5_IfElse_Switches\C15_Udemy_5_IfElse_Switches.csproj", "{6DF26308-1502-48CB-831E-ACB5F84C202E}"
EndProject
Global
	GlobalSection(SolutionConfigurationPlatforms) = preSolution
		Debug|Any CPU = Debug|Any CPU
		Debug|ARM = Debug|ARM
		Debug|ARM64 = Debug|ARM64
		Debug|x64 = Debug|x64
		Debug|x86 = Debug|x86
		Release|Any CPU = Release|Any CPU
		Release|ARM = Release|ARM
		Release|ARM64 = Release|ARM64
		Release|x64 = Release|x64
		Release|x86 = Release|x86
	EndGlobalSection
	GlobalSection(ProjectConfigurationPlatforms) = postSolution
		{3A9E32DF-ECF6-4870-8F9C-7E0CCCA6A686}.Debug|Any CPU.ActiveCfg = Debug|Any CPU
		{3A9E32DF-ECF6-4870-8F9C-7E0CCCA6A686}.Debug|Any CPU.Build.0 = Debug|Any CPU
		{3A9E32DF-ECF6-4870-8F9C-7E0CCCA6A686}.Debug|ARM.ActiveCfg = Debug|Any CPU
		{3A9E32DF-ECF6-4870-8F9C-7E0CCCA6A686}.Debug|ARM.Build.0 = Debug|Any CPU
		{3A9E32DF-ECF6-4870-8F9C-7E0CCCA6A686}.Debug|ARM64.ActiveCfg = Debug|Any CPU
		{3A9E32DF-ECF6-4870-8F9C-7E0CCCA6A686}.Debug|ARM64.Build.0 = Debug|Any CPU
		{3A9E32DF-ECF6-4870-8F9C-7E0CCCA6A686}.Debug|x64.ActiveCfg = Debug|Any CPU
		{3A9E32DF-ECF6-4870-8F9C-7E0CCCA6A686}.Debug|x64.Build.0 = Debug|Any CPU
		{3A9E32DF-ECF6-4870-8F9C-7E0CCCA6A686}.Debug|x86.ActiveCfg = Debug|Any CPU
		{3A9E32DF-ECF6-4870-8F9C-7E0CCCA6A686}.Debug|x86.Build.0 = Debug|Any CPU
		{3A9E32DF-ECF6-4870-8F9C-7E0CCCA6A686}.Release|Any CPU.ActiveCfg = Release|Any CPU
		{3A9E32DF-ECF6-4870-8F9C-7E0CCCA6A686}.Release|Any CPU.Build.0 = Release|Any CPU
		{3A9E32DF-ECF6-4870-8F9C-7E0CCCA6A686}.Release|ARM.ActiveCfg = Release|Any CPU
		{3A9E32DF-ECF6-4870-8F9C-7E0CCCA6A686}.Release|ARM.Build.0 = Release|Any CPU
		{3A9E32DF-ECF6-4870-8F9C-7E0CCCA6A686}.Release|ARM64.ActiveCfg = Release|Any CPU
		{3A9E32DF-ECF6-4870-8F9C-7E0CCCA6A686}.Release|ARM64.Build.0 = Release|Any CPU
		{3A9E32DF-ECF6-4870-8F9C-7E0CCCA6A686}.Release|x64.ActiveCfg = Release|Any CPU
		{3A9E32DF-ECF6-4870-8F9C-7E0CCCA6A686}.Release|x64.Build.0 = Release|Any CPU
		{3A9E32DF-ECF6-4870-8F9C-7E0CCCA6A686}.Release|x86.ActiveCfg = Release|Any CPU
		{3A9E32DF-ECF6-4870-8F9C-7E0CCCA6A686}.Release|x86.Build.0 = Release|Any CPU
		{004A7CCF-16E2-4382-9173-08C49A522CF5}.Debug|Any CPU.ActiveCfg = Debug|Any CPU
		{004A7CCF-16E2-4382-9173-08C49A522CF5}.Debug|Any CPU.Build.0 = Debug|Any CPU
		{004A7CCF-16E2-4382-9173-08C49A522CF5}.Debug|ARM.ActiveCfg = Debug|Any CPU
		{004A7CCF-16E2-4382-9173-08C49A522CF5}.Debug|ARM.Build.0 = Debug|Any CPU
		{004A7CCF-16E2-4382-9173-08C49A522CF5}.Debug|ARM64.ActiveCfg = Debug|Any CPU
		{004A7CCF-16E2-4382-9173-08C49A522CF5}.Debug|ARM64.Build.0 = Debug|Any CPU
		{004A7CCF-16E2-4382-9173-08C49A522CF5}.Debug|x64.ActiveCfg = Debug|Any CPU
		{004A7CCF-16E2-4382-9173-08C49A522CF5}.Debug|x64.Build.0 = Debug|Any CPU
		{004A7CCF-16E2-4382-9173-08C49A522CF5}.Debug|x86.ActiveCfg = Debug|Any CPU
		{004A7CCF-16E2-4382-9173-08C49A522CF5}.Debug|x86.Build.0 = Debug|Any CPU
		{004A7CCF-16E2-4382-9173-08C49A522CF5}.Release|Any CPU.ActiveCfg = Release|Any CPU
		{004A7CCF-16E2-4382-9173-08C49A522CF5}.Release|Any CPU.Build.0 = Release|Any CPU
		{004A7CCF-16E2-4382-9173-08C49A522CF5}.Release|ARM.ActiveCfg = Release|Any CPU
		{004A7CCF-16E2-4382-9173-08C49A522CF5}.Release|ARM.Build.0 = Release|Any CPU
		{004A7CCF-16E2-4382-9173-08C49A522CF5}.Release|ARM64.ActiveCfg = Release|Any CPU
		{004A7CCF-16E2-4382-9173-08C49A522CF5}.Release|ARM64.Build.0 = Release|Any CPU
		{004A7CCF-16E2-4382-9173-08C49A522CF5}.Release|x64.ActiveCfg = Release|Any CPU
		{004A7CCF-16E2-4382-9173-08C49A522CF5}.Release|x64.Build.0 = Release|Any CPU
		{004A7CCF-16E2-4382-9173-08C49A522CF5}.Release|x86.ActiveCfg = Release|Any CPU
		{004A7CCF-16E2-4382-9173-08C49A522CF5}.Release|x86.Build.0 = Release|Any CPU
		{8E6958CF-86E3-45DE-A09F-86C71A9E7E64}.Debug|Any CPU.ActiveCfg = Debug|Any CPU
		{8E6958CF-86E3-45DE-A09F-86C71A9E7E64}.Debug|Any CPU.Build.0 = Debug|Any CPU
		{8E6958CF-86E3-45DE-A09F-86C71A9E7E64}.Debug|ARM.ActiveCfg = Debug|Any CPU
		{8E6958CF-86E3-45DE-A09F-86C71A9E7E64}.Debug|ARM.Build.0 = Debug|Any CPU
		{8E6958CF-86E3-45DE-A09F-86C71A9E7E64}.Debug|ARM64.ActiveCfg = Debug|Any CPU
		{8E6958CF-86E3-45DE-A09F-86C71A9E7E64}.Debug|ARM64.Build.0 = Debug|Any CPU
		{8E6958CF-86E3-45DE-A09F-86C71A9E7E64}.Debug|x64.ActiveCfg = Debug|Any CPU
		{8E6958CF-86E3-45DE-A09F-86C71A9E7E64}.Debug|x64.Build.0 = Debug|Any CPU
		{8E6958CF-86E3-45DE-A09F-86C71A9E7E64}.Debug|x86.ActiveCfg = Debug|Any CPU
		{8E6958CF-86E3-45DE-A09F-86C71A9E7E64}.Debug|x86.Build.0 = Debug|Any CPU
		{8E6958CF-86E3-45DE-A09F-86C71A9E7E64}.Release|Any CPU.ActiveCfg = Release|Any CPU
		{8E6958CF-86E3-45DE-A09F-86C71A9E7E64}.Release|Any CPU.Build.0 = Release|Any CPU
		{8E6958CF-86E3-45DE-A09F-86C71A9E7E64}.Release|ARM.ActiveCfg = Release|Any CPU
		{8E6958CF-86E3-45DE-A09F-86C71A9E7E64}.Release|ARM.Build.0 = Release|Any CPU
		{8E6958CF-86E3-45DE-A09F-86C71A9E7E64}.Release|ARM64.ActiveCfg = Release|Any CPU
		{8E6958CF-86E3-45DE-A09F-86C71A9E7E64}.Release|ARM64.Build.0 = Release|Any CPU
		{8E6958CF-86E3-45DE-A09F-86C71A9E7E64}.Release|x64.ActiveCfg = Release|Any CPU
		{8E6958CF-86E3-45DE-A09F-86C71A9E7E64}.Release|x64.Build.0 = Release|Any CPU
		{8E6958CF-86E3-45DE-A09F-86C71A9E7E64}.Release|x86.ActiveCfg = Release|Any CPU
		{8E6958CF-86E3-45DE-A09F-86C71A9E7E64}.Release|x86.Build.0 = Release|Any CPU
		{E65EBE73-D7B6-4D91-8816-CBA193313268}.Debug|Any CPU.ActiveCfg = Debug|Any CPU
		{E65EBE73-D7B6-4D91-8816-CBA193313268}.Debug|Any CPU.Build.0 = Debug|Any CPU
		{E65EBE73-D7B6-4D91-8816-CBA193313268}.Debug|ARM.ActiveCfg = Debug|Any CPU
		{E65EBE73-D7B6-4D91-8816-CBA193313268}.Debug|ARM.Build.0 = Debug|Any CPU
		{E65EBE73-D7B6-4D91-8816-CBA193313268}.Debug|ARM64.ActiveCfg = Debug|Any CPU
		{E65EBE73-D7B6-4D91-8816-CBA193313268}.Debug|ARM64.Build.0 = Debug|Any CPU
		{E65EBE73-D7B6-4D91-8816-CBA193313268}.Debug|x64.ActiveCfg = Debug|Any CPU
		{E65EBE73-D7B6-4D91-8816-CBA193313268}.Debug|x64.Build.0 = Debug|Any CPU
		{E65EBE73-D7B6-4D91-8816-CBA193313268}.Debug|x86.ActiveCfg = Debug|Any CPU
		{E65EBE73-D7B6-4D91-8816-CBA193313268}.Debug|x86.Build.0 = Debug|Any CPU
		{E65EBE73-D7B6-4D91-8816-CBA193313268}.Release|Any CPU.ActiveCfg = Release|Any CPU
		{E65EBE73-D7B6-4D91-8816-CBA193313268}.Release|Any CPU.Build.0 = Release|Any CPU
		{E65EBE73-D7B6-4D91-8816-CBA193313268}.Release|ARM.ActiveCfg = Release|Any CPU
		{E65EBE73-D7B6-4D91-8816-CBA193313268}.Release|ARM.Build.0 = Release|Any CPU
		{E65EBE73-D7B6-4D91-8816-CBA193313268}.Release|ARM64.ActiveCfg = Release|Any CPU
		{E65EBE73-D7B6-4D91-8816-CBA193313268}.Release|ARM64.Build.0 = Release|Any CPU
		{E65EBE73-D7B6-4D91-8816-CBA193313268}.Release|x64.ActiveCfg = Release|Any CPU
		{E65EBE73-D7B6-4D91-8816-CBA193313268}.Release|x64.Build.0 = Release|Any CPU
		{E65EBE73-D7B6-4D91-8816-CBA193313268}.Release|x86.ActiveCfg = Release|Any CPU
		{E65EBE73-D7B6-4D91-8816-CBA193313268}.Release|x86.Build.0 = Release|Any CPU
		{54725484-6FFB-44BF-8382-3132F3E3B67D}.Debug|Any CPU.ActiveCfg = Debug|Any CPU
		{54725484-6FFB-44BF-8382-3132F3E3B67D}.Debug|Any CPU.Build.0 = Debug|Any CPU
		{54725484-6FFB-44BF-8382-3132F3E3B67D}.Debug|ARM.ActiveCfg = Debug|Any CPU
		{54725484-6FFB-44BF-8382-3132F3E3B67D}.Debug|ARM.Build.0 = Debug|Any CPU
		{54725484-6FFB-44BF-8382-3132F3E3B67D}.Debug|ARM64.ActiveCfg = Debug|Any CPU
		{54725484-6FFB-44BF-8382-3132F3E3B67D}.Debug|ARM64.Build.0 = Debug|Any CPU
		{54725484-6FFB-44BF-8382-3132F3E3B67D}.Debug|x64.ActiveCfg = Debug|Any CPU
		{54725484-6FFB-44BF-8382-3132F3E3B67D}.Debug|x64.Build.0 = Debug|Any CPU
		{54725484-6FFB-44BF-8382-3132F3E3B67D}.Debug|x86.ActiveCfg = Debug|Any CPU
		{54725484-6FFB-44BF-8382-3132F3E3B67D}.Debug|x86.Build.0 = Debug|Any CPU
		{54725484-6FFB-44BF-8382-3132F3E3B67D}.Release|Any CPU.ActiveCfg = Release|Any CPU
		{54725484-6FFB-44BF-8382-3132F3E3B67D}.Release|Any CPU.Build.0 = Release|Any CPU
		{54725484-6FFB-44BF-8382-3132F3E3B67D}.Release|ARM.ActiveCfg = Release|Any CPU
		{54725484-6FFB-44BF-8382-3132F3E3B67D}.Release|ARM.Build.0 = Release|Any CPU
		{54725484-6FFB-44BF-8382-3132F3E3B67D}.Release|ARM64.ActiveCfg = Release|Any CPU
		{54725484-6FFB-44BF-8382-3132F3E3B67D}.Release|ARM64.Build.0 = Release|Any CPU
		{54725484-6FFB-44BF-8382-3132F3E3B67D}.Release|x64.ActiveCfg = Release|Any CPU
		{54725484-6FFB-44BF-8382-3132F3E3B67D}.Release|x64.Build.0 = Release|Any CPU
		{54725484-6FFB-44BF-8382-3132F3E3B67D}.Release|x86.ActiveCfg = Release|Any CPU
		{54725484-6FFB-44BF-8382-3132F3E3B67D}.Release|x86.Build.0 = Release|Any CPU
		{098FE401-2BF7-4FDB-B7F1-3630EFB8F34F}.Debug|Any CPU.ActiveCfg = Debug|Any CPU
		{098FE401-2BF7-4FDB-B7F1-3630EFB8F34F}.Debug|Any CPU.Build.0 = Debug|Any CPU
		{098FE401-2BF7-4FDB-B7F1-3630EFB8F34F}.Debug|ARM.ActiveCfg = Debug|Any CPU
		{098FE401-2BF7-4FDB-B7F1-3630EFB8F34F}.Debug|ARM.Build.0 = Debug|Any CPU
		{098FE401-2BF7-4FDB-B7F1-3630EFB8F34F}.Debug|ARM64.ActiveCfg = Debug|Any CPU
		{098FE401-2BF7-4FDB-B7F1-3630EFB8F34F}.Debug|ARM64.Build.0 = Debug|Any CPU
		{098FE401-2BF7-4FDB-B7F1-3630EFB8F34F}.Debug|x64.ActiveCfg = Debug|Any CPU
		{098FE401-2BF7-4FDB-B7F1-3630EFB8F34F}.Debug|x64.Build.0 = Debug|Any CPU
		{098FE401-2BF7-4FDB-B7F1-3630EFB8F34F}.Debug|x86.ActiveCfg = Debug|Any CPU
		{098FE401-2BF7-4FDB-B7F1-3630EFB8F34F}.Debug|x86.Build.0 = Debug|Any CPU
		{098FE401-2BF7-4FDB-B7F1-3630EFB8F34F}.Release|Any CPU.ActiveCfg = Release|Any CPU
		{098FE401-2BF7-4FDB-B7F1-3630EFB8F34F}.Release|Any CPU.Build.0 = Release|Any CPU
		{098FE401-2BF7-4FDB-B7F1-3630EFB8F34F}.Release|ARM.ActiveCfg = Release|Any CPU
		{098FE401-2BF7-4FDB-B7F1-3630EFB8F34F}.Release|ARM.Build.0 = Release|Any CPU
		{098FE401-2BF7-4FDB-B7F1-3630EFB8F34F}.Release|ARM64.ActiveCfg = Release|Any CPU
		{098FE401-2BF7-4FDB-B7F1-3630EFB8F34F}.Release|ARM64.Build.0 = Release|Any CPU
		{098FE401-2BF7-4FDB-B7F1-3630EFB8F34F}.Release|x64.ActiveCfg = Release|Any CPU
		{098FE401-2BF7-4FDB-B7F1-3630EFB8F34F}.Release|x64.Build.0 = Release|Any CPU
		{098FE401-2BF7-4FDB-B7F1-3630EFB8F34F}.Release|x86.ActiveCfg = Release|Any CPU
		{098FE401-2BF7-4FDB-B7F1-3630EFB8F34F}.Release|x86.Build.0 = Release|Any CPU
		{91E927E2-43C5-4778-A432-C2C2E0D2F303}.Debug|Any CPU.ActiveCfg = Debug|Any CPU
		{91E927E2-43C5-4778-A432-C2C2E0D2F303}.Debug|Any CPU.Build.0 = Debug|Any CPU
		{91E927E2-43C5-4778-A432-C2C2E0D2F303}.Debug|ARM.ActiveCfg = Debug|Any CPU
		{91E927E2-43C5-4778-A432-C2C2E0D2F303}.Debug|ARM.Build.0 = Debug|Any CPU
		{91E927E2-43C5-4778-A432-C2C2E0D2F303}.Debug|ARM64.ActiveCfg = Debug|Any CPU
		{91E927E2-43C5-4778-A432-C2C2E0D2F303}.Debug|ARM64.Build.0 = Debug|Any CPU
		{91E927E2-43C5-4778-A432-C2C2E0D2F303}.Debug|x64.ActiveCfg = Debug|Any CPU
		{91E927E2-43C5-4778-A432-C2C2E0D2F303}.Debug|x64.Build.0 = Debug|Any CPU
		{91E927E2-43C5-4778-A432-C2C2E0D2F303}.Debug|x86.ActiveCfg = Debug|Any CPU
		{91E927E2-43C5-4778-A432-C2C2E0D2F303}.Debug|x86.Build.0 = Debug|Any CPU
		{91E927E2-43C5-4778-A432-C2C2E0D2F303}.Release|Any CPU.ActiveCfg = Release|Any CPU
		{91E927E2-43C5-4778-A432-C2C2E0D2F303}.Release|Any CPU.Build.0 = Release|Any CPU
		{91E927E2-43C5-4778-A432-C2C2E0D2F303}.Release|ARM.ActiveCfg = Release|Any CPU
		{91E927E2-43C5-4778-A432-C2C2E0D2F303}.Release|ARM.Build.0 = Release|Any CPU
		{91E927E2-43C5-4778-A432-C2C2E0D2F303}.Release|ARM64.ActiveCfg = Release|Any CPU
		{91E927E2-43C5-4778-A432-C2C2E0D2F303}.Release|ARM64.Build.0 = Release|Any CPU
		{91E927E2-43C5-4778-A432-C2C2E0D2F303}.Release|x64.ActiveCfg = Release|Any CPU
		{91E927E2-43C5-4778-A432-C2C2E0D2F303}.Release|x64.Build.0 = Release|Any CPU
		{91E927E2-43C5-4778-A432-C2C2E0D2F303}.Release|x86.ActiveCfg = Release|Any CPU
		{91E927E2-43C5-4778-A432-C2C2E0D2F303}.Release|x86.Build.0 = Release|Any CPU
		{ECEC6325-BA80-4007-AE17-DCAEFB0CFB38}.Debug|Any CPU.ActiveCfg = Debug|Any CPU
		{ECEC6325-BA80-4007-AE17-DCAEFB0CFB38}.Debug|Any CPU.Build.0 = Debug|Any CPU
		{ECEC6325-BA80-4007-AE17-DCAEFB0CFB38}.Debug|ARM.ActiveCfg = Debug|Any CPU
		{ECEC6325-BA80-4007-AE17-DCAEFB0CFB38}.Debug|ARM.Build.0 = Debug|Any CPU
		{ECEC6325-BA80-4007-AE17-DCAEFB0CFB38}.Debug|ARM64.ActiveCfg = Debug|Any CPU
		{ECEC6325-BA80-4007-AE17-DCAEFB0CFB38}.Debug|ARM64.Build.0 = Debug|Any CPU
		{ECEC6325-BA80-4007-AE17-DCAEFB0CFB38}.Debug|x64.ActiveCfg = Debug|Any CPU
		{ECEC6325-BA80-4007-AE17-DCAEFB0CFB38}.Debug|x64.Build.0 = Debug|Any CPU
		{ECEC6325-BA80-4007-AE17-DCAEFB0CFB38}.Debug|x86.ActiveCfg = Debug|Any CPU
		{ECEC6325-BA80-4007-AE17-DCAEFB0CFB38}.Debug|x86.Build.0 = Debug|Any CPU
		{ECEC6325-BA80-4007-AE17-DCAEFB0CFB38}.Release|Any CPU.ActiveCfg = Release|Any CPU
		{ECEC6325-BA80-4007-AE17-DCAEFB0CFB38}.Release|Any CPU.Build.0 = Release|Any CPU
		{ECEC6325-BA80-4007-AE17-DCAEFB0CFB38}.Release|ARM.ActiveCfg = Release|Any CPU
		{ECEC6325-BA80-4007-AE17-DCAEFB0CFB38}.Release|ARM.Build.0 = Release|Any CPU
		{ECEC6325-BA80-4007-AE17-DCAEFB0CFB38}.Release|ARM64.ActiveCfg = Release|Any CPU
		{ECEC6325-BA80-4007-AE17-DCAEFB0CFB38}.Release|ARM64.Build.0 = Release|Any CPU
		{ECEC6325-BA80-4007-AE17-DCAEFB0CFB38}.Release|x64.ActiveCfg = Release|Any CPU
		{ECEC6325-BA80-4007-AE17-DCAEFB0CFB38}.Release|x64.Build.0 = Release|Any CPU
		{ECEC6325-BA80-4007-AE17-DCAEFB0CFB38}.Release|x86.ActiveCfg = Release|Any CPU
		{ECEC6325-BA80-4007-AE17-DCAEFB0CFB38}.Release|x86.Build.0 = Release|Any CPU
		{887318A8-8826-4E12-97F7-E0C99E356D44}.Debug|Any CPU.ActiveCfg = Debug|Any CPU
		{887318A8-8826-4E12-97F7-E0C99E356D44}.Debug|Any CPU.Build.0 = Debug|Any CPU
		{887318A8-8826-4E12-97F7-E0C99E356D44}.Debug|ARM.ActiveCfg = Debug|Any CPU
		{887318A8-8826-4E12-97F7-E0C99E356D44}.Debug|ARM.Build.0 = Debug|Any CPU
		{887318A8-8826-4E12-97F7-E0C99E356D44}.Debug|ARM64.ActiveCfg = Debug|Any CPU
		{887318A8-8826-4E12-97F7-E0C99E356D44}.Debug|ARM64.Build.0 = Debug|Any CPU
		{887318A8-8826-4E12-97F7-E0C99E356D44}.Debug|x64.ActiveCfg = Debug|Any CPU
		{887318A8-8826-4E12-97F7-E0C99E356D44}.Debug|x64.Build.0 = Debug|Any CPU
		{887318A8-8826-4E12-97F7-E0C99E356D44}.Debug|x86.ActiveCfg = Debug|Any CPU
		{887318A8-8826-4E12-97F7-E0C99E356D44}.Debug|x86.Build.0 = Debug|Any CPU
		{887318A8-8826-4E12-97F7-E0C99E356D44}.Release|Any CPU.ActiveCfg = Release|Any CPU
		{887318A8-8826-4E12-97F7-E0C99E356D44}.Release|Any CPU.Build.0 = Release|Any CPU
		{887318A8-8826-4E12-97F7-E0C99E356D44}.Release|ARM.ActiveCfg = Release|Any CPU
		{887318A8-8826-4E12-97F7-E0C99E356D44}.Release|ARM.Build.0 = Release|Any CPU
		{887318A8-8826-4E12-97F7-E0C99E356D44}.Release|ARM64.ActiveCfg = Release|Any CPU
		{887318A8-8826-4E12-97F7-E0C99E356D44}.Release|ARM64.Build.0 = Release|Any CPU
		{887318A8-8826-4E12-97F7-E0C99E356D44}.Release|x64.ActiveCfg = Release|Any CPU
		{887318A8-8826-4E12-97F7-E0C99E356D44}.Release|x64.Build.0 = Release|Any CPU
		{887318A8-8826-4E12-97F7-E0C99E356D44}.Release|x86.ActiveCfg = Release|Any CPU
		{887318A8-8826-4E12-97F7-E0C99E356D44}.Release|x86.Build.0 = Release|Any CPU
		{A20CA35B-8E9B-415B-9AE0-9054925FEF8A}.Debug|Any CPU.ActiveCfg = Debug|Any CPU
		{A20CA35B-8E9B-415B-9AE0-9054925FEF8A}.Debug|Any CPU.Build.0 = Debug|Any CPU
		{A20CA35B-8E9B-415B-9AE0-9054925FEF8A}.Debug|ARM.ActiveCfg = Debug|Any CPU
		{A20CA35B-8E9B-415B-9AE0-9054925FEF8A}.Debug|ARM.Build.0 = Debug|Any CPU
		{A20CA35B-8E9B-415B-9AE0-9054925FEF8A}.Debug|ARM64.ActiveCfg = Debug|Any CPU
		{A20CA35B-8E9B-415B-9AE0-9054925FEF8A}.Debug|ARM64.Build.0 = Debug|Any CPU
		{A20CA35B-8E9B-415B-9AE0-9054925FEF8A}.Debug|x64.ActiveCfg = Debug|Any CPU
		{A20CA35B-8E9B-415B-9AE0-9054925FEF8A}.Debug|x64.Build.0 = Debug|Any CPU
		{A20CA35B-8E9B-415B-9AE0-9054925FEF8A}.Debug|x86.ActiveCfg = Debug|Any CPU
		{A20CA35B-8E9B-415B-9AE0-9054925FEF8A}.Debug|x86.Build.0 = Debug|Any CPU
		{A20CA35B-8E9B-415B-9AE0-9054925FEF8A}.Release|Any CPU.ActiveCfg = Release|Any CPU
		{A20CA35B-8E9B-415B-9AE0-9054925FEF8A}.Release|Any CPU.Build.0 = Release|Any CPU
		{A20CA35B-8E9B-415B-9AE0-9054925FEF8A}.Release|ARM.ActiveCfg = Release|Any CPU
		{A20CA35B-8E9B-415B-9AE0-9054925FEF8A}.Release|ARM.Build.0 = Release|Any CPU
		{A20CA35B-8E9B-415B-9AE0-9054925FEF8A}.Release|ARM64.ActiveCfg = Release|Any CPU
		{A20CA35B-8E9B-415B-9AE0-9054925FEF8A}.Release|ARM64.Build.0 = Release|Any CPU
		{A20CA35B-8E9B-415B-9AE0-9054925FEF8A}.Release|x64.ActiveCfg = Release|Any CPU
		{A20CA35B-8E9B-415B-9AE0-9054925FEF8A}.Release|x64.Build.0 = Release|Any CPU
		{A20CA35B-8E9B-415B-9AE0-9054925FEF8A}.Release|x86.ActiveCfg = Release|Any CPU
		{A20CA35B-8E9B-415B-9AE0-9054925FEF8A}.Release|x86.Build.0 = Release|Any CPU
		{33D00229-CA45-4F68-B602-D5C3F17761BD}.Debug|Any CPU.ActiveCfg = Debug|Any CPU
		{33D00229-CA45-4F68-B602-D5C3F17761BD}.Debug|Any CPU.Build.0 = Debug|Any CPU
		{33D00229-CA45-4F68-B602-D5C3F17761BD}.Debug|ARM.ActiveCfg = Debug|Any CPU
		{33D00229-CA45-4F68-B602-D5C3F17761BD}.Debug|ARM.Build.0 = Debug|Any CPU
		{33D00229-CA45-4F68-B602-D5C3F17761BD}.Debug|ARM64.ActiveCfg = Debug|Any CPU
		{33D00229-CA45-4F68-B602-D5C3F17761BD}.Debug|ARM64.Build.0 = Debug|Any CPU
		{33D00229-CA45-4F68-B602-D5C3F17761BD}.Debug|x64.ActiveCfg = Debug|Any CPU
		{33D00229-CA45-4F68-B602-D5C3F17761BD}.Debug|x64.Build.0 = Debug|Any CPU
		{33D00229-CA45-4F68-B602-D5C3F17761BD}.Debug|x86.ActiveCfg = Debug|Any CPU
		{33D00229-CA45-4F68-B602-D5C3F17761BD}.Debug|x86.Build.0 = Debug|Any CPU
		{33D00229-CA45-4F68-B602-D5C3F17761BD}.Release|Any CPU.ActiveCfg = Release|Any CPU
		{33D00229-CA45-4F68-B602-D5C3F17761BD}.Release|Any CPU.Build.0 = Release|Any CPU
		{33D00229-CA45-4F68-B602-D5C3F17761BD}.Release|ARM.ActiveCfg = Release|Any CPU
		{33D00229-CA45-4F68-B602-D5C3F17761BD}.Release|ARM.Build.0 = Release|Any CPU
		{33D00229-CA45-4F68-B602-D5C3F17761BD}.Release|ARM64.ActiveCfg = Release|Any CPU
		{33D00229-CA45-4F68-B602-D5C3F17761BD}.Release|ARM64.Build.0 = Release|Any CPU
		{33D00229-CA45-4F68-B602-D5C3F17761BD}.Release|x64.ActiveCfg = Release|Any CPU
		{33D00229-CA45-4F68-B602-D5C3F17761BD}.Release|x64.Build.0 = Release|Any CPU
		{33D00229-CA45-4F68-B602-D5C3F17761BD}.Release|x86.ActiveCfg = Release|Any CPU
		{33D00229-CA45-4F68-B602-D5C3F17761BD}.Release|x86.Build.0 = Release|Any CPU
		{037F789A-E812-475A-BFA8-87E8517AA26E}.Debug|Any CPU.ActiveCfg = Debug|Any CPU
		{037F789A-E812-475A-BFA8-87E8517AA26E}.Debug|Any CPU.Build.0 = Debug|Any CPU
		{037F789A-E812-475A-BFA8-87E8517AA26E}.Debug|ARM.ActiveCfg = Debug|Any CPU
		{037F789A-E812-475A-BFA8-87E8517AA26E}.Debug|ARM.Build.0 = Debug|Any CPU
		{037F789A-E812-475A-BFA8-87E8517AA26E}.Debug|ARM64.ActiveCfg = Debug|Any CPU
		{037F789A-E812-475A-BFA8-87E8517AA26E}.Debug|ARM64.Build.0 = Debug|Any CPU
		{037F789A-E812-475A-BFA8-87E8517AA26E}.Debug|x64.ActiveCfg = Debug|Any CPU
		{037F789A-E812-475A-BFA8-87E8517AA26E}.Debug|x64.Build.0 = Debug|Any CPU
		{037F789A-E812-475A-BFA8-87E8517AA26E}.Debug|x86.ActiveCfg = Debug|Any CPU
		{037F789A-E812-475A-BFA8-87E8517AA26E}.Debug|x86.Build.0 = Debug|Any CPU
		{037F789A-E812-475A-BFA8-87E8517AA26E}.Release|Any CPU.ActiveCfg = Release|Any CPU
		{037F789A-E812-475A-BFA8-87E8517AA26E}.Release|Any CPU.Build.0 = Release|Any CPU
		{037F789A-E812-475A-BFA8-87E8517AA26E}.Release|ARM.ActiveCfg = Release|Any CPU
		{037F789A-E812-475A-BFA8-87E8517AA26E}.Release|ARM.Build.0 = Release|Any CPU
		{037F789A-E812-475A-BFA8-87E8517AA26E}.Release|ARM64.ActiveCfg = Release|Any CPU
		{037F789A-E812-475A-BFA8-87E8517AA26E}.Release|ARM64.Build.0 = Release|Any CPU
		{037F789A-E812-475A-BFA8-87E8517AA26E}.Release|x64.ActiveCfg = Release|Any CPU
		{037F789A-E812-475A-BFA8-87E8517AA26E}.Release|x64.Build.0 = Release|Any CPU
		{037F789A-E812-475A-BFA8-87E8517AA26E}.Release|x86.ActiveCfg = Release|Any CPU
		{037F789A-E812-475A-BFA8-87E8517AA26E}.Release|x86.Build.0 = Release|Any CPU
		{444EDB87-7EEE-4253-881D-C8BFA692C533}.Debug|Any CPU.ActiveCfg = Debug|Any CPU
		{444EDB87-7EEE-4253-881D-C8BFA692C533}.Debug|Any CPU.Build.0 = Debug|Any CPU
		{444EDB87-7EEE-4253-881D-C8BFA692C533}.Debug|ARM.ActiveCfg = Debug|Any CPU
		{444EDB87-7EEE-4253-881D-C8BFA692C533}.Debug|ARM.Build.0 = Debug|Any CPU
		{444EDB87-7EEE-4253-881D-C8BFA692C533}.Debug|ARM64.ActiveCfg = Debug|Any CPU
		{444EDB87-7EEE-4253-881D-C8BFA692C533}.Debug|ARM64.Build.0 = Debug|Any CPU
		{444EDB87-7EEE-4253-881D-C8BFA692C533}.Debug|x64.ActiveCfg = Debug|Any CPU
		{444EDB87-7EEE-4253-881D-C8BFA692C533}.Debug|x64.Build.0 = Debug|Any CPU
		{444EDB87-7EEE-4253-881D-C8BFA692C533}.Debug|x86.ActiveCfg = Debug|Any CPU
		{444EDB87-7EEE-4253-881D-C8BFA692C533}.Debug|x86.Build.0 = Debug|Any CPU
		{444EDB87-7EEE-4253-881D-C8BFA692C533}.Release|Any CPU.ActiveCfg = Release|Any CPU
		{444EDB87-7EEE-4253-881D-C8BFA692C533}.Release|Any CPU.Build.0 = Release|Any CPU
		{444EDB87-7EEE-4253-881D-C8BFA692C533}.Release|ARM.ActiveCfg = Release|Any CPU
		{444EDB87-7EEE-4253-881D-C8BFA692C533}.Release|ARM.Build.0 = Release|Any CPU
		{444EDB87-7EEE-4253-881D-C8BFA692C533}.Release|ARM64.ActiveCfg = Release|Any CPU
		{444EDB87-7EEE-4253-881D-C8BFA692C533}.Release|ARM64.Build.0 = Release|Any CPU
		{444EDB87-7EEE-4253-881D-C8BFA692C533}.Release|x64.ActiveCfg = Release|Any CPU
		{444EDB87-7EEE-4253-881D-C8BFA692C533}.Release|x64.Build.0 = Release|Any CPU
		{444EDB87-7EEE-4253-881D-C8BFA692C533}.Release|x86.ActiveCfg = Release|Any CPU
		{444EDB87-7EEE-4253-881D-C8BFA692C533}.Release|x86.Build.0 = Release|Any CPU
		{B5CBFCDC-7924-4DC8-B75A-EA6F95809735}.Debug|Any CPU.ActiveCfg = Debug|Any CPU
		{B5CBFCDC-7924-4DC8-B75A-EA6F95809735}.Debug|Any CPU.Build.0 = Debug|Any CPU
		{B5CBFCDC-7924-4DC8-B75A-EA6F95809735}.Debug|ARM.ActiveCfg = Debug|Any CPU
		{B5CBFCDC-7924-4DC8-B75A-EA6F95809735}.Debug|ARM.Build.0 = Debug|Any CPU
		{B5CBFCDC-7924-4DC8-B75A-EA6F95809735}.Debug|ARM64.ActiveCfg = Debug|Any CPU
		{B5CBFCDC-7924-4DC8-B75A-EA6F95809735}.Debug|ARM64.Build.0 = Debug|Any CPU
		{B5CBFCDC-7924-4DC8-B75A-EA6F95809735}.Debug|x64.ActiveCfg = Debug|Any CPU
		{B5CBFCDC-7924-4DC8-B75A-EA6F95809735}.Debug|x64.Build.0 = Debug|Any CPU
		{B5CBFCDC-7924-4DC8-B75A-EA6F95809735}.Debug|x86.ActiveCfg = Debug|Any CPU
		{B5CBFCDC-7924-4DC8-B75A-EA6F95809735}.Debug|x86.Build.0 = Debug|Any CPU
		{B5CBFCDC-7924-4DC8-B75A-EA6F95809735}.Release|Any CPU.ActiveCfg = Release|Any CPU
		{B5CBFCDC-7924-4DC8-B75A-EA6F95809735}.Release|Any CPU.Build.0 = Release|Any CPU
		{B5CBFCDC-7924-4DC8-B75A-EA6F95809735}.Release|ARM.ActiveCfg = Release|Any CPU
		{B5CBFCDC-7924-4DC8-B75A-EA6F95809735}.Release|ARM.Build.0 = Release|Any CPU
		{B5CBFCDC-7924-4DC8-B75A-EA6F95809735}.Release|ARM64.ActiveCfg = Release|Any CPU
		{B5CBFCDC-7924-4DC8-B75A-EA6F95809735}.Release|ARM64.Build.0 = Release|Any CPU
		{B5CBFCDC-7924-4DC8-B75A-EA6F95809735}.Release|x64.ActiveCfg = Release|Any CPU
		{B5CBFCDC-7924-4DC8-B75A-EA6F95809735}.Release|x64.Build.0 = Release|Any CPU
		{B5CBFCDC-7924-4DC8-B75A-EA6F95809735}.Release|x86.ActiveCfg = Release|Any CPU
		{B5CBFCDC-7924-4DC8-B75A-EA6F95809735}.Release|x86.Build.0 = Release|Any CPU
		{48E09C22-A428-4410-A572-2B703E390F5D}.Debug|Any CPU.ActiveCfg = Debug|Any CPU
		{48E09C22-A428-4410-A572-2B703E390F5D}.Debug|Any CPU.Build.0 = Debug|Any CPU
		{48E09C22-A428-4410-A572-2B703E390F5D}.Debug|ARM.ActiveCfg = Debug|Any CPU
		{48E09C22-A428-4410-A572-2B703E390F5D}.Debug|ARM.Build.0 = Debug|Any CPU
		{48E09C22-A428-4410-A572-2B703E390F5D}.Debug|ARM64.ActiveCfg = Debug|Any CPU
		{48E09C22-A428-4410-A572-2B703E390F5D}.Debug|ARM64.Build.0 = Debug|Any CPU
		{48E09C22-A428-4410-A572-2B703E390F5D}.Debug|x64.ActiveCfg = Debug|Any CPU
		{48E09C22-A428-4410-A572-2B703E390F5D}.Debug|x64.Build.0 = Debug|Any CPU
		{48E09C22-A428-4410-A572-2B703E390F5D}.Debug|x86.ActiveCfg = Debug|Any CPU
		{48E09C22-A428-4410-A572-2B703E390F5D}.Debug|x86.Build.0 = Debug|Any CPU
		{48E09C22-A428-4410-A572-2B703E390F5D}.Release|Any CPU.ActiveCfg = Release|Any CPU
		{48E09C22-A428-4410-A572-2B703E390F5D}.Release|Any CPU.Build.0 = Release|Any CPU
		{48E09C22-A428-4410-A572-2B703E390F5D}.Release|ARM.ActiveCfg = Release|Any CPU
		{48E09C22-A428-4410-A572-2B703E390F5D}.Release|ARM.Build.0 = Release|Any CPU
		{48E09C22-A428-4410-A572-2B703E390F5D}.Release|ARM64.ActiveCfg = Release|Any CPU
		{48E09C22-A428-4410-A572-2B703E390F5D}.Release|ARM64.Build.0 = Release|Any CPU
		{48E09C22-A428-4410-A572-2B703E390F5D}.Release|x64.ActiveCfg = Release|Any CPU
		{48E09C22-A428-4410-A572-2B703E390F5D}.Release|x64.Build.0 = Release|Any CPU
		{48E09C22-A428-4410-A572-2B703E390F5D}.Release|x86.ActiveCfg = Release|Any CPU
		{48E09C22-A428-4410-A572-2B703E390F5D}.Release|x86.Build.0 = Release|Any CPU
		{AE968F19-846E-4D6A-BC23-276B278C51CA}.Debug|Any CPU.ActiveCfg = Debug|Any CPU
		{AE968F19-846E-4D6A-BC23-276B278C51CA}.Debug|Any CPU.Build.0 = Debug|Any CPU
		{AE968F19-846E-4D6A-BC23-276B278C51CA}.Debug|ARM.ActiveCfg = Debug|Any CPU
		{AE968F19-846E-4D6A-BC23-276B278C51CA}.Debug|ARM.Build.0 = Debug|Any CPU
		{AE968F19-846E-4D6A-BC23-276B278C51CA}.Debug|ARM64.ActiveCfg = Debug|Any CPU
		{AE968F19-846E-4D6A-BC23-276B278C51CA}.Debug|ARM64.Build.0 = Debug|Any CPU
		{AE968F19-846E-4D6A-BC23-276B278C51CA}.Debug|x64.ActiveCfg = Debug|Any CPU
		{AE968F19-846E-4D6A-BC23-276B278C51CA}.Debug|x64.Build.0 = Debug|Any CPU
		{AE968F19-846E-4D6A-BC23-276B278C51CA}.Debug|x86.ActiveCfg = Debug|Any CPU
		{AE968F19-846E-4D6A-BC23-276B278C51CA}.Debug|x86.Build.0 = Debug|Any CPU
		{AE968F19-846E-4D6A-BC23-276B278C51CA}.Release|Any CPU.ActiveCfg = Release|Any CPU
		{AE968F19-846E-4D6A-BC23-276B278C51CA}.Release|Any CPU.Build.0 = Release|Any CPU
		{AE968F19-846E-4D6A-BC23-276B278C51CA}.Release|ARM.ActiveCfg = Release|Any CPU
		{AE968F19-846E-4D6A-BC23-276B278C51CA}.Release|ARM.Build.0 = Release|Any CPU
		{AE968F19-846E-4D6A-BC23-276B278C51CA}.Release|ARM64.ActiveCfg = Release|Any CPU
		{AE968F19-846E-4D6A-BC23-276B278C51CA}.Release|ARM64.Build.0 = Release|Any CPU
		{AE968F19-846E-4D6A-BC23-276B278C51CA}.Release|x64.ActiveCfg = Release|Any CPU
		{AE968F19-846E-4D6A-BC23-276B278C51CA}.Release|x64.Build.0 = Release|Any CPU
		{AE968F19-846E-4D6A-BC23-276B278C51CA}.Release|x86.ActiveCfg = Release|Any CPU
		{AE968F19-846E-4D6A-BC23-276B278C51CA}.Release|x86.Build.0 = Release|Any CPU
		{F6DD0ECB-CDFD-4658-B154-04E8F2BD5577}.Debug|Any CPU.ActiveCfg = Debug|Any CPU
		{F6DD0ECB-CDFD-4658-B154-04E8F2BD5577}.Debug|Any CPU.Build.0 = Debug|Any CPU
		{F6DD0ECB-CDFD-4658-B154-04E8F2BD5577}.Debug|ARM.ActiveCfg = Debug|Any CPU
		{F6DD0ECB-CDFD-4658-B154-04E8F2BD5577}.Debug|ARM.Build.0 = Debug|Any CPU
		{F6DD0ECB-CDFD-4658-B154-04E8F2BD5577}.Debug|ARM64.ActiveCfg = Debug|Any CPU
		{F6DD0ECB-CDFD-4658-B154-04E8F2BD5577}.Debug|ARM64.Build.0 = Debug|Any CPU
		{F6DD0ECB-CDFD-4658-B154-04E8F2BD5577}.Debug|x64.ActiveCfg = Debug|Any CPU
		{F6DD0ECB-CDFD-4658-B154-04E8F2BD5577}.Debug|x64.Build.0 = Debug|Any CPU
		{F6DD0ECB-CDFD-4658-B154-04E8F2BD5577}.Debug|x86.ActiveCfg = Debug|Any CPU
		{F6DD0ECB-CDFD-4658-B154-04E8F2BD5577}.Debug|x86.Build.0 = Debug|Any CPU
		{F6DD0ECB-CDFD-4658-B154-04E8F2BD5577}.Release|Any CPU.ActiveCfg = Release|Any CPU
		{F6DD0ECB-CDFD-4658-B154-04E8F2BD5577}.Release|Any CPU.Build.0 = Release|Any CPU
		{F6DD0ECB-CDFD-4658-B154-04E8F2BD5577}.Release|ARM.ActiveCfg = Release|Any CPU
		{F6DD0ECB-CDFD-4658-B154-04E8F2BD5577}.Release|ARM.Build.0 = Release|Any CPU
		{F6DD0ECB-CDFD-4658-B154-04E8F2BD5577}.Release|ARM64.ActiveCfg = Release|Any CPU
		{F6DD0ECB-CDFD-4658-B154-04E8F2BD5577}.Release|ARM64.Build.0 = Release|Any CPU
		{F6DD0ECB-CDFD-4658-B154-04E8F2BD5577}.Release|x64.ActiveCfg = Release|Any CPU
		{F6DD0ECB-CDFD-4658-B154-04E8F2BD5577}.Release|x64.Build.0 = Release|Any CPU
		{F6DD0ECB-CDFD-4658-B154-04E8F2BD5577}.Release|x86.ActiveCfg = Release|Any CPU
		{F6DD0ECB-CDFD-4658-B154-04E8F2BD5577}.Release|x86.Build.0 = Release|Any CPU
		{B86D8BA0-7174-4C9F-9A30-33675B4B14AC}.Debug|Any CPU.ActiveCfg = Debug|x86
		{B86D8BA0-7174-4C9F-9A30-33675B4B14AC}.Debug|ARM.ActiveCfg = Debug|ARM
		{B86D8BA0-7174-4C9F-9A30-33675B4B14AC}.Debug|ARM.Build.0 = Debug|ARM
		{B86D8BA0-7174-4C9F-9A30-33675B4B14AC}.Debug|ARM.Deploy.0 = Debug|ARM
		{B86D8BA0-7174-4C9F-9A30-33675B4B14AC}.Debug|ARM64.ActiveCfg = Debug|ARM64
		{B86D8BA0-7174-4C9F-9A30-33675B4B14AC}.Debug|ARM64.Build.0 = Debug|ARM64
		{B86D8BA0-7174-4C9F-9A30-33675B4B14AC}.Debug|ARM64.Deploy.0 = Debug|ARM64
		{B86D8BA0-7174-4C9F-9A30-33675B4B14AC}.Debug|x64.ActiveCfg = Debug|x64
		{B86D8BA0-7174-4C9F-9A30-33675B4B14AC}.Debug|x64.Build.0 = Debug|x64
		{B86D8BA0-7174-4C9F-9A30-33675B4B14AC}.Debug|x64.Deploy.0 = Debug|x64
		{B86D8BA0-7174-4C9F-9A30-33675B4B14AC}.Debug|x86.ActiveCfg = Debug|x86
		{B86D8BA0-7174-4C9F-9A30-33675B4B14AC}.Debug|x86.Build.0 = Debug|x86
		{B86D8BA0-7174-4C9F-9A30-33675B4B14AC}.Debug|x86.Deploy.0 = Debug|x86
		{B86D8BA0-7174-4C9F-9A30-33675B4B14AC}.Release|Any CPU.ActiveCfg = Release|x86
		{B86D8BA0-7174-4C9F-9A30-33675B4B14AC}.Release|ARM.ActiveCfg = Release|ARM
		{B86D8BA0-7174-4C9F-9A30-33675B4B14AC}.Release|ARM.Build.0 = Release|ARM
		{B86D8BA0-7174-4C9F-9A30-33675B4B14AC}.Release|ARM.Deploy.0 = Release|ARM
		{B86D8BA0-7174-4C9F-9A30-33675B4B14AC}.Release|ARM64.ActiveCfg = Release|ARM64
		{B86D8BA0-7174-4C9F-9A30-33675B4B14AC}.Release|ARM64.Build.0 = Release|ARM64
		{B86D8BA0-7174-4C9F-9A30-33675B4B14AC}.Release|ARM64.Deploy.0 = Release|ARM64
		{B86D8BA0-7174-4C9F-9A30-33675B4B14AC}.Release|x64.ActiveCfg = Release|x64
		{B86D8BA0-7174-4C9F-9A30-33675B4B14AC}.Release|x64.Build.0 = Release|x64
		{B86D8BA0-7174-4C9F-9A30-33675B4B14AC}.Release|x64.Deploy.0 = Release|x64
		{B86D8BA0-7174-4C9F-9A30-33675B4B14AC}.Release|x86.ActiveCfg = Release|x86
		{B86D8BA0-7174-4C9F-9A30-33675B4B14AC}.Release|x86.Build.0 = Release|x86
		{B86D8BA0-7174-4C9F-9A30-33675B4B14AC}.Release|x86.Deploy.0 = Release|x86
		{8FAA399F-B402-456C-AB42-94DC5175770A}.Debug|Any CPU.ActiveCfg = Debug|Any CPU
		{8FAA399F-B402-456C-AB42-94DC5175770A}.Debug|Any CPU.Build.0 = Debug|Any CPU
		{8FAA399F-B402-456C-AB42-94DC5175770A}.Debug|ARM.ActiveCfg = Debug|Any CPU
		{8FAA399F-B402-456C-AB42-94DC5175770A}.Debug|ARM.Build.0 = Debug|Any CPU
		{8FAA399F-B402-456C-AB42-94DC5175770A}.Debug|ARM64.ActiveCfg = Debug|Any CPU
		{8FAA399F-B402-456C-AB42-94DC5175770A}.Debug|ARM64.Build.0 = Debug|Any CPU
		{8FAA399F-B402-456C-AB42-94DC5175770A}.Debug|x64.ActiveCfg = Debug|Any CPU
		{8FAA399F-B402-456C-AB42-94DC5175770A}.Debug|x64.Build.0 = Debug|Any CPU
		{8FAA399F-B402-456C-AB42-94DC5175770A}.Debug|x86.ActiveCfg = Debug|Any CPU
		{8FAA399F-B402-456C-AB42-94DC5175770A}.Debug|x86.Build.0 = Debug|Any CPU
		{8FAA399F-B402-456C-AB42-94DC5175770A}.Release|Any CPU.ActiveCfg = Release|Any CPU
		{8FAA399F-B402-456C-AB42-94DC5175770A}.Release|Any CPU.Build.0 = Release|Any CPU
		{8FAA399F-B402-456C-AB42-94DC5175770A}.Release|ARM.ActiveCfg = Release|Any CPU
		{8FAA399F-B402-456C-AB42-94DC5175770A}.Release|ARM.Build.0 = Release|Any CPU
		{8FAA399F-B402-456C-AB42-94DC5175770A}.Release|ARM64.ActiveCfg = Release|Any CPU
		{8FAA399F-B402-456C-AB42-94DC5175770A}.Release|ARM64.Build.0 = Release|Any CPU
		{8FAA399F-B402-456C-AB42-94DC5175770A}.Release|x64.ActiveCfg = Release|Any CPU
		{8FAA399F-B402-456C-AB42-94DC5175770A}.Release|x64.Build.0 = Release|Any CPU
		{8FAA399F-B402-456C-AB42-94DC5175770A}.Release|x86.ActiveCfg = Release|Any CPU
		{8FAA399F-B402-456C-AB42-94DC5175770A}.Release|x86.Build.0 = Release|Any CPU
		{9EE4BE73-E3C5-4203-A92F-82D2DD1C6309}.Debug|Any CPU.ActiveCfg = Debug|Any CPU
		{9EE4BE73-E3C5-4203-A92F-82D2DD1C6309}.Debug|Any CPU.Build.0 = Debug|Any CPU
		{9EE4BE73-E3C5-4203-A92F-82D2DD1C6309}.Debug|ARM.ActiveCfg = Debug|Any CPU
		{9EE4BE73-E3C5-4203-A92F-82D2DD1C6309}.Debug|ARM.Build.0 = Debug|Any CPU
		{9EE4BE73-E3C5-4203-A92F-82D2DD1C6309}.Debug|ARM64.ActiveCfg = Debug|Any CPU
		{9EE4BE73-E3C5-4203-A92F-82D2DD1C6309}.Debug|ARM64.Build.0 = Debug|Any CPU
		{9EE4BE73-E3C5-4203-A92F-82D2DD1C6309}.Debug|x64.ActiveCfg = Debug|Any CPU
		{9EE4BE73-E3C5-4203-A92F-82D2DD1C6309}.Debug|x64.Build.0 = Debug|Any CPU
		{9EE4BE73-E3C5-4203-A92F-82D2DD1C6309}.Debug|x86.ActiveCfg = Debug|Any CPU
		{9EE4BE73-E3C5-4203-A92F-82D2DD1C6309}.Debug|x86.Build.0 = Debug|Any CPU
		{9EE4BE73-E3C5-4203-A92F-82D2DD1C6309}.Release|Any CPU.ActiveCfg = Release|Any CPU
		{9EE4BE73-E3C5-4203-A92F-82D2DD1C6309}.Release|Any CPU.Build.0 = Release|Any CPU
		{9EE4BE73-E3C5-4203-A92F-82D2DD1C6309}.Release|ARM.ActiveCfg = Release|Any CPU
		{9EE4BE73-E3C5-4203-A92F-82D2DD1C6309}.Release|ARM.Build.0 = Release|Any CPU
		{9EE4BE73-E3C5-4203-A92F-82D2DD1C6309}.Release|ARM64.ActiveCfg = Release|Any CPU
		{9EE4BE73-E3C5-4203-A92F-82D2DD1C6309}.Release|ARM64.Build.0 = Release|Any CPU
		{9EE4BE73-E3C5-4203-A92F-82D2DD1C6309}.Release|x64.ActiveCfg = Release|Any CPU
		{9EE4BE73-E3C5-4203-A92F-82D2DD1C6309}.Release|x64.Build.0 = Release|Any CPU
		{9EE4BE73-E3C5-4203-A92F-82D2DD1C6309}.Release|x86.ActiveCfg = Release|Any CPU
		{9EE4BE73-E3C5-4203-A92F-82D2DD1C6309}.Release|x86.Build.0 = Release|Any CPU
		{2F6C703A-9214-4D52-BA7D-2C8AA5C145B7}.Debug|Any CPU.ActiveCfg = Debug|Any CPU
		{2F6C703A-9214-4D52-BA7D-2C8AA5C145B7}.Debug|Any CPU.Build.0 = Debug|Any CPU
		{2F6C703A-9214-4D52-BA7D-2C8AA5C145B7}.Debug|ARM.ActiveCfg = Debug|Any CPU
		{2F6C703A-9214-4D52-BA7D-2C8AA5C145B7}.Debug|ARM.Build.0 = Debug|Any CPU
		{2F6C703A-9214-4D52-BA7D-2C8AA5C145B7}.Debug|ARM64.ActiveCfg = Debug|Any CPU
		{2F6C703A-9214-4D52-BA7D-2C8AA5C145B7}.Debug|ARM64.Build.0 = Debug|Any CPU
		{2F6C703A-9214-4D52-BA7D-2C8AA5C145B7}.Debug|x64.ActiveCfg = Debug|Any CPU
		{2F6C703A-9214-4D52-BA7D-2C8AA5C145B7}.Debug|x64.Build.0 = Debug|Any CPU
		{2F6C703A-9214-4D52-BA7D-2C8AA5C145B7}.Debug|x86.ActiveCfg = Debug|Any CPU
		{2F6C703A-9214-4D52-BA7D-2C8AA5C145B7}.Debug|x86.Build.0 = Debug|Any CPU
		{2F6C703A-9214-4D52-BA7D-2C8AA5C145B7}.Release|Any CPU.ActiveCfg = Release|Any CPU
		{2F6C703A-9214-4D52-BA7D-2C8AA5C145B7}.Release|Any CPU.Build.0 = Release|Any CPU
		{2F6C703A-9214-4D52-BA7D-2C8AA5C145B7}.Release|ARM.ActiveCfg = Release|Any CPU
		{2F6C703A-9214-4D52-BA7D-2C8AA5C145B7}.Release|ARM.Build.0 = Release|Any CPU
		{2F6C703A-9214-4D52-BA7D-2C8AA5C145B7}.Release|ARM64.ActiveCfg = Release|Any CPU
		{2F6C703A-9214-4D52-BA7D-2C8AA5C145B7}.Release|ARM64.Build.0 = Release|Any CPU
		{2F6C703A-9214-4D52-BA7D-2C8AA5C145B7}.Release|x64.ActiveCfg = Release|Any CPU
		{2F6C703A-9214-4D52-BA7D-2C8AA5C145B7}.Release|x64.Build.0 = Release|Any CPU
		{2F6C703A-9214-4D52-BA7D-2C8AA5C145B7}.Release|x86.ActiveCfg = Release|Any CPU
		{2F6C703A-9214-4D52-BA7D-2C8AA5C145B7}.Release|x86.Build.0 = Release|Any CPU
		{6DF26308-1502-48CB-831E-ACB5F84C202E}.Debug|Any CPU.ActiveCfg = Debug|Any CPU
		{6DF26308-1502-48CB-831E-ACB5F84C202E}.Debug|Any CPU.Build.0 = Debug|Any CPU
		{6DF26308-1502-48CB-831E-ACB5F84C202E}.Debug|ARM.ActiveCfg = Debug|Any CPU
		{6DF26308-1502-48CB-831E-ACB5F84C202E}.Debug|ARM.Build.0 = Debug|Any CPU
		{6DF26308-1502-48CB-831E-ACB5F84C202E}.Debug|ARM64.ActiveCfg = Debug|Any CPU
		{6DF26308-1502-48CB-831E-ACB5F84C202E}.Debug|ARM64.Build.0 = Debug|Any CPU
		{6DF26308-1502-48CB-831E-ACB5F84C202E}.Debug|x64.ActiveCfg = Debug|Any CPU
		{6DF26308-1502-48CB-831E-ACB5F84C202E}.Debug|x64.Build.0 = Debug|Any CPU
		{6DF26308-1502-48CB-831E-ACB5F84C202E}.Debug|x86.ActiveCfg = Debug|Any CPU
		{6DF26308-1502-48CB-831E-ACB5F84C202E}.Debug|x86.Build.0 = Debug|Any CPU
		{6DF26308-1502-48CB-831E-ACB5F84C202E}.Release|Any CPU.ActiveCfg = Release|Any CPU
		{6DF26308-1502-48CB-831E-ACB5F84C202E}.Release|Any CPU.Build.0 = Release|Any CPU
		{6DF26308-1502-48CB-831E-ACB5F84C202E}.Release|ARM.ActiveCfg = Release|Any CPU
		{6DF26308-1502-48CB-831E-ACB5F84C202E}.Release|ARM.Build.0 = Release|Any CPU
		{6DF26308-1502-48CB-831E-ACB5F84C202E}.Release|ARM64.ActiveCfg = Release|Any CPU
		{6DF26308-1502-48CB-831E-ACB5F84C202E}.Release|ARM64.Build.0 = Release|Any CPU
		{6DF26308-1502-48CB-831E-ACB5F84C202E}.Release|x64.ActiveCfg = Release|Any CPU
		{6DF26308-1502-48CB-831E-ACB5F84C202E}.Release|x64.Build.0 = Release|Any CPU
		{6DF26308-1502-48CB-831E-ACB5F84C202E}.Release|x86.ActiveCfg = Release|Any CPU
		{6DF26308-1502-48CB-831E-ACB5F84C202E}.Release|x86.Build.0 = Release|Any CPU
	EndGlobalSection
	GlobalSection(SolutionProperties) = preSolution
		HideSolutionNode = FALSE
	EndGlobalSection
	GlobalSection(ExtensibilityGlobals) = postSolution
		SolutionGuid = {98B92316-A609-4685-8353-B88D9CA631DB}
	EndGlobalSection
EndGlobal
